
Microsoft Visual Studio Solution File, Format Version 12.00
# Visual Studio 15
VisualStudioVersion = 15.0.27703.2035
MinimumVisualStudioVersion = 10.0.40219.1
Project("{FAE04EC0-301F-11D3-BF4B-00C04F79EFBC}") = "Sales.Android", "Sales\Sales.Android\Sales.Android.csproj", "{79EA52D8-C867-41DA-B7A8-B68DFD1AA084}"
EndProject
Project("{FAE04EC0-301F-11D3-BF4B-00C04F79EFBC}") = "Sales.iOS", "Sales\Sales.iOS\Sales.iOS.csproj", "{775ADB3D-19CD-4604-A930-EEF2A6FCA74B}"
EndProject
Project("{FAE04EC0-301F-11D3-BF4B-00C04F79EFBC}") = "Sales.UWP", "Sales\Sales.UWP\Sales.UWP.csproj", "{2DD7ABD0-41B5-4B26-8CBD-56E1C773BF76}"
EndProject
Project("{D954291E-2A0B-460D-934E-DC6B0785DB48}") = "Sales", "Sales\Sales\Sales.shproj", "{EE418733-E468-456F-B332-0454F055E1F7}"
EndProject
Project("{FAE04EC0-301F-11D3-BF4B-00C04F79EFBC}") = "Sales.Backend", "Sales.Backend\Sales.Backend.csproj", "{F73A2698-E79B-486C-9108-49A0326A2E20}"
EndProject
Project("{FAE04EC0-301F-11D3-BF4B-00C04F79EFBC}") = "Sales.API", "Sales.API\Sales.API.csproj", "{FAC77776-8595-40DD-B7BC-1F8D6B7E7A9C}"
EndProject
Project("{FAE04EC0-301F-11D3-BF4B-00C04F79EFBC}") = "Sales.Domain", "Sales.Domain\Sales.Domain.csproj", "{7C957D26-7846-42E4-8F63-4371915B81D7}"
EndProject
Project("{FAE04EC0-301F-11D3-BF4B-00C04F79EFBC}") = "Sales.Common", "Sales.Common\Sales.Common.csproj", "{F3153689-3C62-4C0C-983B-713FE2C42802}"
EndProject
Global
	GlobalSection(SharedMSBuildProjectFiles) = preSolution
		Sales\Sales\Sales.projitems*{2dd7abd0-41b5-4b26-8cbd-56e1c773bf76}*SharedItemsImports = 4
		Sales\Sales\Sales.projitems*{775adb3d-19cd-4604-a930-eef2a6fca74b}*SharedItemsImports = 4
		Sales\Sales\Sales.projitems*{79ea52d8-c867-41da-b7a8-b68dfd1aa084}*SharedItemsImports = 4
		Sales\Sales\Sales.projitems*{ee418733-e468-456f-b332-0454f055e1f7}*SharedItemsImports = 13
	EndGlobalSection
	GlobalSection(SolutionConfigurationPlatforms) = preSolution
		Ad-Hoc|Any CPU = Ad-Hoc|Any CPU
		Ad-Hoc|ARM = Ad-Hoc|ARM
		Ad-Hoc|iPhone = Ad-Hoc|iPhone
		Ad-Hoc|iPhoneSimulator = Ad-Hoc|iPhoneSimulator
		Ad-Hoc|x64 = Ad-Hoc|x64
		Ad-Hoc|x86 = Ad-Hoc|x86
		AppStore|Any CPU = AppStore|Any CPU
		AppStore|ARM = AppStore|ARM
		AppStore|iPhone = AppStore|iPhone
		AppStore|iPhoneSimulator = AppStore|iPhoneSimulator
		AppStore|x64 = AppStore|x64
		AppStore|x86 = AppStore|x86
		Debug|Any CPU = Debug|Any CPU
		Debug|ARM = Debug|ARM
		Debug|iPhone = Debug|iPhone
		Debug|iPhoneSimulator = Debug|iPhoneSimulator
		Debug|x64 = Debug|x64
		Debug|x86 = Debug|x86
		Release|Any CPU = Release|Any CPU
		Release|ARM = Release|ARM
		Release|iPhone = Release|iPhone
		Release|iPhoneSimulator = Release|iPhoneSimulator
		Release|x64 = Release|x64
		Release|x86 = Release|x86
	EndGlobalSection
	GlobalSection(ProjectConfigurationPlatforms) = postSolution
		{79EA52D8-C867-41DA-B7A8-B68DFD1AA084}.Ad-Hoc|Any CPU.ActiveCfg = Release|Any CPU
		{79EA52D8-C867-41DA-B7A8-B68DFD1AA084}.Ad-Hoc|Any CPU.Build.0 = Release|Any CPU
		{79EA52D8-C867-41DA-B7A8-B68DFD1AA084}.Ad-Hoc|Any CPU.Deploy.0 = Release|Any CPU
		{79EA52D8-C867-41DA-B7A8-B68DFD1AA084}.Ad-Hoc|ARM.ActiveCfg = Release|Any CPU
		{79EA52D8-C867-41DA-B7A8-B68DFD1AA084}.Ad-Hoc|ARM.Build.0 = Release|Any CPU
		{79EA52D8-C867-41DA-B7A8-B68DFD1AA084}.Ad-Hoc|ARM.Deploy.0 = Release|Any CPU
		{79EA52D8-C867-41DA-B7A8-B68DFD1AA084}.Ad-Hoc|iPhone.ActiveCfg = Release|Any CPU
		{79EA52D8-C867-41DA-B7A8-B68DFD1AA084}.Ad-Hoc|iPhone.Build.0 = Release|Any CPU
		{79EA52D8-C867-41DA-B7A8-B68DFD1AA084}.Ad-Hoc|iPhone.Deploy.0 = Release|Any CPU
		{79EA52D8-C867-41DA-B7A8-B68DFD1AA084}.Ad-Hoc|iPhoneSimulator.ActiveCfg = Release|Any CPU
		{79EA52D8-C867-41DA-B7A8-B68DFD1AA084}.Ad-Hoc|iPhoneSimulator.Build.0 = Release|Any CPU
		{79EA52D8-C867-41DA-B7A8-B68DFD1AA084}.Ad-Hoc|iPhoneSimulator.Deploy.0 = Release|Any CPU
		{79EA52D8-C867-41DA-B7A8-B68DFD1AA084}.Ad-Hoc|x64.ActiveCfg = Release|Any CPU
		{79EA52D8-C867-41DA-B7A8-B68DFD1AA084}.Ad-Hoc|x64.Build.0 = Release|Any CPU
		{79EA52D8-C867-41DA-B7A8-B68DFD1AA084}.Ad-Hoc|x64.Deploy.0 = Release|Any CPU
		{79EA52D8-C867-41DA-B7A8-B68DFD1AA084}.Ad-Hoc|x86.ActiveCfg = Release|Any CPU
		{79EA52D8-C867-41DA-B7A8-B68DFD1AA084}.Ad-Hoc|x86.Build.0 = Release|Any CPU
		{79EA52D8-C867-41DA-B7A8-B68DFD1AA084}.Ad-Hoc|x86.Deploy.0 = Release|Any CPU
		{79EA52D8-C867-41DA-B7A8-B68DFD1AA084}.AppStore|Any CPU.ActiveCfg = Release|Any CPU
		{79EA52D8-C867-41DA-B7A8-B68DFD1AA084}.AppStore|Any CPU.Build.0 = Release|Any CPU
		{79EA52D8-C867-41DA-B7A8-B68DFD1AA084}.AppStore|Any CPU.Deploy.0 = Release|Any CPU
		{79EA52D8-C867-41DA-B7A8-B68DFD1AA084}.AppStore|ARM.ActiveCfg = Release|Any CPU
		{79EA52D8-C867-41DA-B7A8-B68DFD1AA084}.AppStore|ARM.Build.0 = Release|Any CPU
		{79EA52D8-C867-41DA-B7A8-B68DFD1AA084}.AppStore|ARM.Deploy.0 = Release|Any CPU
		{79EA52D8-C867-41DA-B7A8-B68DFD1AA084}.AppStore|iPhone.ActiveCfg = Release|Any CPU
		{79EA52D8-C867-41DA-B7A8-B68DFD1AA084}.AppStore|iPhone.Build.0 = Release|Any CPU
		{79EA52D8-C867-41DA-B7A8-B68DFD1AA084}.AppStore|iPhone.Deploy.0 = Release|Any CPU
		{79EA52D8-C867-41DA-B7A8-B68DFD1AA084}.AppStore|iPhoneSimulator.ActiveCfg = Release|Any CPU
		{79EA52D8-C867-41DA-B7A8-B68DFD1AA084}.AppStore|iPhoneSimulator.Build.0 = Release|Any CPU
		{79EA52D8-C867-41DA-B7A8-B68DFD1AA084}.AppStore|iPhoneSimulator.Deploy.0 = Release|Any CPU
		{79EA52D8-C867-41DA-B7A8-B68DFD1AA084}.AppStore|x64.ActiveCfg = Release|Any CPU
		{79EA52D8-C867-41DA-B7A8-B68DFD1AA084}.AppStore|x64.Build.0 = Release|Any CPU
		{79EA52D8-C867-41DA-B7A8-B68DFD1AA084}.AppStore|x64.Deploy.0 = Release|Any CPU
		{79EA52D8-C867-41DA-B7A8-B68DFD1AA084}.AppStore|x86.ActiveCfg = Release|Any CPU
		{79EA52D8-C867-41DA-B7A8-B68DFD1AA084}.AppStore|x86.Build.0 = Release|Any CPU
		{79EA52D8-C867-41DA-B7A8-B68DFD1AA084}.AppStore|x86.Deploy.0 = Release|Any CPU
		{79EA52D8-C867-41DA-B7A8-B68DFD1AA084}.Debug|Any CPU.ActiveCfg = Debug|Any CPU
		{79EA52D8-C867-41DA-B7A8-B68DFD1AA084}.Debug|Any CPU.Build.0 = Debug|Any CPU
		{79EA52D8-C867-41DA-B7A8-B68DFD1AA084}.Debug|Any CPU.Deploy.0 = Debug|Any CPU
		{79EA52D8-C867-41DA-B7A8-B68DFD1AA084}.Debug|ARM.ActiveCfg = Debug|Any CPU
		{79EA52D8-C867-41DA-B7A8-B68DFD1AA084}.Debug|ARM.Build.0 = Debug|Any CPU
		{79EA52D8-C867-41DA-B7A8-B68DFD1AA084}.Debug|ARM.Deploy.0 = Debug|Any CPU
		{79EA52D8-C867-41DA-B7A8-B68DFD1AA084}.Debug|iPhone.ActiveCfg = Debug|Any CPU
		{79EA52D8-C867-41DA-B7A8-B68DFD1AA084}.Debug|iPhone.Build.0 = Debug|Any CPU
		{79EA52D8-C867-41DA-B7A8-B68DFD1AA084}.Debug|iPhone.Deploy.0 = Debug|Any CPU
		{79EA52D8-C867-41DA-B7A8-B68DFD1AA084}.Debug|iPhoneSimulator.ActiveCfg = Debug|Any CPU
		{79EA52D8-C867-41DA-B7A8-B68DFD1AA084}.Debug|iPhoneSimulator.Build.0 = Debug|Any CPU
		{79EA52D8-C867-41DA-B7A8-B68DFD1AA084}.Debug|iPhoneSimulator.Deploy.0 = Debug|Any CPU
		{79EA52D8-C867-41DA-B7A8-B68DFD1AA084}.Debug|x64.ActiveCfg = Debug|Any CPU
		{79EA52D8-C867-41DA-B7A8-B68DFD1AA084}.Debug|x64.Build.0 = Debug|Any CPU
		{79EA52D8-C867-41DA-B7A8-B68DFD1AA084}.Debug|x64.Deploy.0 = Debug|Any CPU
		{79EA52D8-C867-41DA-B7A8-B68DFD1AA084}.Debug|x86.ActiveCfg = Debug|Any CPU
		{79EA52D8-C867-41DA-B7A8-B68DFD1AA084}.Debug|x86.Build.0 = Debug|Any CPU
		{79EA52D8-C867-41DA-B7A8-B68DFD1AA084}.Debug|x86.Deploy.0 = Debug|Any CPU
		{79EA52D8-C867-41DA-B7A8-B68DFD1AA084}.Release|Any CPU.ActiveCfg = Release|Any CPU
		{79EA52D8-C867-41DA-B7A8-B68DFD1AA084}.Release|Any CPU.Build.0 = Release|Any CPU
		{79EA52D8-C867-41DA-B7A8-B68DFD1AA084}.Release|Any CPU.Deploy.0 = Release|Any CPU
		{79EA52D8-C867-41DA-B7A8-B68DFD1AA084}.Release|ARM.ActiveCfg = Release|Any CPU
		{79EA52D8-C867-41DA-B7A8-B68DFD1AA084}.Release|ARM.Build.0 = Release|Any CPU
		{79EA52D8-C867-41DA-B7A8-B68DFD1AA084}.Release|ARM.Deploy.0 = Release|Any CPU
		{79EA52D8-C867-41DA-B7A8-B68DFD1AA084}.Release|iPhone.ActiveCfg = Release|Any CPU
		{79EA52D8-C867-41DA-B7A8-B68DFD1AA084}.Release|iPhone.Build.0 = Release|Any CPU
		{79EA52D8-C867-41DA-B7A8-B68DFD1AA084}.Release|iPhone.Deploy.0 = Release|Any CPU
		{79EA52D8-C867-41DA-B7A8-B68DFD1AA084}.Release|iPhoneSimulator.ActiveCfg = Release|Any CPU
		{79EA52D8-C867-41DA-B7A8-B68DFD1AA084}.Release|iPhoneSimulator.Build.0 = Release|Any CPU
		{79EA52D8-C867-41DA-B7A8-B68DFD1AA084}.Release|iPhoneSimulator.Deploy.0 = Release|Any CPU
		{79EA52D8-C867-41DA-B7A8-B68DFD1AA084}.Release|x64.ActiveCfg = Release|Any CPU
		{79EA52D8-C867-41DA-B7A8-B68DFD1AA084}.Release|x64.Build.0 = Release|Any CPU
		{79EA52D8-C867-41DA-B7A8-B68DFD1AA084}.Release|x64.Deploy.0 = Release|Any CPU
		{79EA52D8-C867-41DA-B7A8-B68DFD1AA084}.Release|x86.ActiveCfg = Release|Any CPU
		{79EA52D8-C867-41DA-B7A8-B68DFD1AA084}.Release|x86.Build.0 = Release|Any CPU
		{79EA52D8-C867-41DA-B7A8-B68DFD1AA084}.Release|x86.Deploy.0 = Release|Any CPU
		{775ADB3D-19CD-4604-A930-EEF2A6FCA74B}.Ad-Hoc|Any CPU.ActiveCfg = Ad-Hoc|iPhone
		{775ADB3D-19CD-4604-A930-EEF2A6FCA74B}.Ad-Hoc|Any CPU.Build.0 = Ad-Hoc|iPhone
		{775ADB3D-19CD-4604-A930-EEF2A6FCA74B}.Ad-Hoc|Any CPU.Deploy.0 = Ad-Hoc|iPhone
		{775ADB3D-19CD-4604-A930-EEF2A6FCA74B}.Ad-Hoc|ARM.ActiveCfg = Ad-Hoc|iPhone
		{775ADB3D-19CD-4604-A930-EEF2A6FCA74B}.Ad-Hoc|ARM.Build.0 = Ad-Hoc|iPhone
		{775ADB3D-19CD-4604-A930-EEF2A6FCA74B}.Ad-Hoc|ARM.Deploy.0 = Ad-Hoc|iPhone
		{775ADB3D-19CD-4604-A930-EEF2A6FCA74B}.Ad-Hoc|iPhone.ActiveCfg = Ad-Hoc|iPhone
		{775ADB3D-19CD-4604-A930-EEF2A6FCA74B}.Ad-Hoc|iPhone.Build.0 = Ad-Hoc|iPhone
		{775ADB3D-19CD-4604-A930-EEF2A6FCA74B}.Ad-Hoc|iPhone.Deploy.0 = Ad-Hoc|iPhone
		{775ADB3D-19CD-4604-A930-EEF2A6FCA74B}.Ad-Hoc|iPhoneSimulator.ActiveCfg = Ad-Hoc|iPhoneSimulator
		{775ADB3D-19CD-4604-A930-EEF2A6FCA74B}.Ad-Hoc|iPhoneSimulator.Build.0 = Ad-Hoc|iPhoneSimulator
		{775ADB3D-19CD-4604-A930-EEF2A6FCA74B}.Ad-Hoc|iPhoneSimulator.Deploy.0 = Ad-Hoc|iPhoneSimulator
		{775ADB3D-19CD-4604-A930-EEF2A6FCA74B}.Ad-Hoc|x64.ActiveCfg = Ad-Hoc|iPhone
		{775ADB3D-19CD-4604-A930-EEF2A6FCA74B}.Ad-Hoc|x64.Build.0 = Ad-Hoc|iPhone
		{775ADB3D-19CD-4604-A930-EEF2A6FCA74B}.Ad-Hoc|x64.Deploy.0 = Ad-Hoc|iPhone
		{775ADB3D-19CD-4604-A930-EEF2A6FCA74B}.Ad-Hoc|x86.ActiveCfg = Ad-Hoc|iPhone
		{775ADB3D-19CD-4604-A930-EEF2A6FCA74B}.Ad-Hoc|x86.Build.0 = Ad-Hoc|iPhone
		{775ADB3D-19CD-4604-A930-EEF2A6FCA74B}.Ad-Hoc|x86.Deploy.0 = Ad-Hoc|iPhone
		{775ADB3D-19CD-4604-A930-EEF2A6FCA74B}.AppStore|Any CPU.ActiveCfg = AppStore|iPhone
		{775ADB3D-19CD-4604-A930-EEF2A6FCA74B}.AppStore|Any CPU.Build.0 = AppStore|iPhone
		{775ADB3D-19CD-4604-A930-EEF2A6FCA74B}.AppStore|Any CPU.Deploy.0 = AppStore|iPhone
		{775ADB3D-19CD-4604-A930-EEF2A6FCA74B}.AppStore|ARM.ActiveCfg = AppStore|iPhone
		{775ADB3D-19CD-4604-A930-EEF2A6FCA74B}.AppStore|ARM.Build.0 = AppStore|iPhone
		{775ADB3D-19CD-4604-A930-EEF2A6FCA74B}.AppStore|ARM.Deploy.0 = AppStore|iPhone
		{775ADB3D-19CD-4604-A930-EEF2A6FCA74B}.AppStore|iPhone.ActiveCfg = AppStore|iPhone
		{775ADB3D-19CD-4604-A930-EEF2A6FCA74B}.AppStore|iPhone.Build.0 = AppStore|iPhone
		{775ADB3D-19CD-4604-A930-EEF2A6FCA74B}.AppStore|iPhone.Deploy.0 = AppStore|iPhone
		{775ADB3D-19CD-4604-A930-EEF2A6FCA74B}.AppStore|iPhoneSimulator.ActiveCfg = AppStore|iPhoneSimulator
		{775ADB3D-19CD-4604-A930-EEF2A6FCA74B}.AppStore|iPhoneSimulator.Build.0 = AppStore|iPhoneSimulator
		{775ADB3D-19CD-4604-A930-EEF2A6FCA74B}.AppStore|iPhoneSimulator.Deploy.0 = AppStore|iPhoneSimulator
		{775ADB3D-19CD-4604-A930-EEF2A6FCA74B}.AppStore|x64.ActiveCfg = AppStore|iPhone
		{775ADB3D-19CD-4604-A930-EEF2A6FCA74B}.AppStore|x64.Build.0 = AppStore|iPhone
		{775ADB3D-19CD-4604-A930-EEF2A6FCA74B}.AppStore|x64.Deploy.0 = AppStore|iPhone
		{775ADB3D-19CD-4604-A930-EEF2A6FCA74B}.AppStore|x86.ActiveCfg = AppStore|iPhone
		{775ADB3D-19CD-4604-A930-EEF2A6FCA74B}.AppStore|x86.Build.0 = AppStore|iPhone
		{775ADB3D-19CD-4604-A930-EEF2A6FCA74B}.AppStore|x86.Deploy.0 = AppStore|iPhone
		{775ADB3D-19CD-4604-A930-EEF2A6FCA74B}.Debug|Any CPU.ActiveCfg = Debug|iPhoneSimulator
		{775ADB3D-19CD-4604-A930-EEF2A6FCA74B}.Debug|Any CPU.Build.0 = Debug|iPhoneSimulator
		{775ADB3D-19CD-4604-A930-EEF2A6FCA74B}.Debug|Any CPU.Deploy.0 = Debug|iPhoneSimulator
		{775ADB3D-19CD-4604-A930-EEF2A6FCA74B}.Debug|ARM.ActiveCfg = Debug|iPhone
		{775ADB3D-19CD-4604-A930-EEF2A6FCA74B}.Debug|ARM.Build.0 = Debug|iPhone
		{775ADB3D-19CD-4604-A930-EEF2A6FCA74B}.Debug|ARM.Deploy.0 = Debug|iPhone
		{775ADB3D-19CD-4604-A930-EEF2A6FCA74B}.Debug|iPhone.ActiveCfg = Debug|iPhone
		{775ADB3D-19CD-4604-A930-EEF2A6FCA74B}.Debug|iPhone.Build.0 = Debug|iPhone
		{775ADB3D-19CD-4604-A930-EEF2A6FCA74B}.Debug|iPhone.Deploy.0 = Debug|iPhone
		{775ADB3D-19CD-4604-A930-EEF2A6FCA74B}.Debug|iPhoneSimulator.ActiveCfg = Debug|iPhoneSimulator
		{775ADB3D-19CD-4604-A930-EEF2A6FCA74B}.Debug|iPhoneSimulator.Build.0 = Debug|iPhoneSimulator
		{775ADB3D-19CD-4604-A930-EEF2A6FCA74B}.Debug|iPhoneSimulator.Deploy.0 = Debug|iPhoneSimulator
		{775ADB3D-19CD-4604-A930-EEF2A6FCA74B}.Debug|x64.ActiveCfg = Debug|iPhone
		{775ADB3D-19CD-4604-A930-EEF2A6FCA74B}.Debug|x64.Build.0 = Debug|iPhone
		{775ADB3D-19CD-4604-A930-EEF2A6FCA74B}.Debug|x64.Deploy.0 = Debug|iPhone
		{775ADB3D-19CD-4604-A930-EEF2A6FCA74B}.Debug|x86.ActiveCfg = Debug|iPhone
		{775ADB3D-19CD-4604-A930-EEF2A6FCA74B}.Debug|x86.Build.0 = Debug|iPhone
		{775ADB3D-19CD-4604-A930-EEF2A6FCA74B}.Debug|x86.Deploy.0 = Debug|iPhone
		{775ADB3D-19CD-4604-A930-EEF2A6FCA74B}.Release|Any CPU.ActiveCfg = Release|iPhone
		{775ADB3D-19CD-4604-A930-EEF2A6FCA74B}.Release|Any CPU.Build.0 = Release|iPhone
		{775ADB3D-19CD-4604-A930-EEF2A6FCA74B}.Release|Any CPU.Deploy.0 = Release|iPhone
		{775ADB3D-19CD-4604-A930-EEF2A6FCA74B}.Release|ARM.ActiveCfg = Release|iPhone
		{775ADB3D-19CD-4604-A930-EEF2A6FCA74B}.Release|ARM.Build.0 = Release|iPhone
		{775ADB3D-19CD-4604-A930-EEF2A6FCA74B}.Release|ARM.Deploy.0 = Release|iPhone
		{775ADB3D-19CD-4604-A930-EEF2A6FCA74B}.Release|iPhone.ActiveCfg = Release|iPhone
		{775ADB3D-19CD-4604-A930-EEF2A6FCA74B}.Release|iPhone.Build.0 = Release|iPhone
		{775ADB3D-19CD-4604-A930-EEF2A6FCA74B}.Release|iPhone.Deploy.0 = Release|iPhone
		{775ADB3D-19CD-4604-A930-EEF2A6FCA74B}.Release|iPhoneSimulator.ActiveCfg = Release|iPhoneSimulator
		{775ADB3D-19CD-4604-A930-EEF2A6FCA74B}.Release|iPhoneSimulator.Build.0 = Release|iPhoneSimulator
		{775ADB3D-19CD-4604-A930-EEF2A6FCA74B}.Release|iPhoneSimulator.Deploy.0 = Release|iPhoneSimulator
		{775ADB3D-19CD-4604-A930-EEF2A6FCA74B}.Release|x64.ActiveCfg = Release|iPhone
		{775ADB3D-19CD-4604-A930-EEF2A6FCA74B}.Release|x64.Build.0 = Release|iPhone
		{775ADB3D-19CD-4604-A930-EEF2A6FCA74B}.Release|x64.Deploy.0 = Release|iPhone
		{775ADB3D-19CD-4604-A930-EEF2A6FCA74B}.Release|x86.ActiveCfg = Release|iPhone
		{775ADB3D-19CD-4604-A930-EEF2A6FCA74B}.Release|x86.Build.0 = Release|iPhone
		{775ADB3D-19CD-4604-A930-EEF2A6FCA74B}.Release|x86.Deploy.0 = Release|iPhone
		{2DD7ABD0-41B5-4B26-8CBD-56E1C773BF76}.Ad-Hoc|Any CPU.ActiveCfg = Release|x86
		{2DD7ABD0-41B5-4B26-8CBD-56E1C773BF76}.Ad-Hoc|Any CPU.Build.0 = Release|x86
		{2DD7ABD0-41B5-4B26-8CBD-56E1C773BF76}.Ad-Hoc|Any CPU.Deploy.0 = Release|x86
		{2DD7ABD0-41B5-4B26-8CBD-56E1C773BF76}.Ad-Hoc|ARM.ActiveCfg = Release|ARM
		{2DD7ABD0-41B5-4B26-8CBD-56E1C773BF76}.Ad-Hoc|ARM.Build.0 = Release|ARM
		{2DD7ABD0-41B5-4B26-8CBD-56E1C773BF76}.Ad-Hoc|ARM.Deploy.0 = Release|ARM
		{2DD7ABD0-41B5-4B26-8CBD-56E1C773BF76}.Ad-Hoc|iPhone.ActiveCfg = Release|x86
		{2DD7ABD0-41B5-4B26-8CBD-56E1C773BF76}.Ad-Hoc|iPhone.Build.0 = Release|x86
		{2DD7ABD0-41B5-4B26-8CBD-56E1C773BF76}.Ad-Hoc|iPhone.Deploy.0 = Release|x86
		{2DD7ABD0-41B5-4B26-8CBD-56E1C773BF76}.Ad-Hoc|iPhoneSimulator.ActiveCfg = Release|x86
		{2DD7ABD0-41B5-4B26-8CBD-56E1C773BF76}.Ad-Hoc|iPhoneSimulator.Build.0 = Release|x86
		{2DD7ABD0-41B5-4B26-8CBD-56E1C773BF76}.Ad-Hoc|iPhoneSimulator.Deploy.0 = Release|x86
		{2DD7ABD0-41B5-4B26-8CBD-56E1C773BF76}.Ad-Hoc|x64.ActiveCfg = Release|x64
		{2DD7ABD0-41B5-4B26-8CBD-56E1C773BF76}.Ad-Hoc|x64.Build.0 = Release|x64
		{2DD7ABD0-41B5-4B26-8CBD-56E1C773BF76}.Ad-Hoc|x64.Deploy.0 = Release|x64
		{2DD7ABD0-41B5-4B26-8CBD-56E1C773BF76}.Ad-Hoc|x86.ActiveCfg = Release|x86
		{2DD7ABD0-41B5-4B26-8CBD-56E1C773BF76}.Ad-Hoc|x86.Build.0 = Release|x86
		{2DD7ABD0-41B5-4B26-8CBD-56E1C773BF76}.Ad-Hoc|x86.Deploy.0 = Release|x86
		{2DD7ABD0-41B5-4B26-8CBD-56E1C773BF76}.AppStore|Any CPU.ActiveCfg = Release|x86
		{2DD7ABD0-41B5-4B26-8CBD-56E1C773BF76}.AppStore|Any CPU.Build.0 = Release|x86
		{2DD7ABD0-41B5-4B26-8CBD-56E1C773BF76}.AppStore|Any CPU.Deploy.0 = Release|x86
		{2DD7ABD0-41B5-4B26-8CBD-56E1C773BF76}.AppStore|ARM.ActiveCfg = Release|ARM
		{2DD7ABD0-41B5-4B26-8CBD-56E1C773BF76}.AppStore|ARM.Build.0 = Release|ARM
		{2DD7ABD0-41B5-4B26-8CBD-56E1C773BF76}.AppStore|ARM.Deploy.0 = Release|ARM
		{2DD7ABD0-41B5-4B26-8CBD-56E1C773BF76}.AppStore|iPhone.ActiveCfg = Release|x86
		{2DD7ABD0-41B5-4B26-8CBD-56E1C773BF76}.AppStore|iPhone.Build.0 = Release|x86
		{2DD7ABD0-41B5-4B26-8CBD-56E1C773BF76}.AppStore|iPhone.Deploy.0 = Release|x86
		{2DD7ABD0-41B5-4B26-8CBD-56E1C773BF76}.AppStore|iPhoneSimulator.ActiveCfg = Release|x86
		{2DD7ABD0-41B5-4B26-8CBD-56E1C773BF76}.AppStore|iPhoneSimulator.Build.0 = Release|x86
		{2DD7ABD0-41B5-4B26-8CBD-56E1C773BF76}.AppStore|iPhoneSimulator.Deploy.0 = Release|x86
		{2DD7ABD0-41B5-4B26-8CBD-56E1C773BF76}.AppStore|x64.ActiveCfg = Release|x64
		{2DD7ABD0-41B5-4B26-8CBD-56E1C773BF76}.AppStore|x64.Build.0 = Release|x64
		{2DD7ABD0-41B5-4B26-8CBD-56E1C773BF76}.AppStore|x64.Deploy.0 = Release|x64
		{2DD7ABD0-41B5-4B26-8CBD-56E1C773BF76}.AppStore|x86.ActiveCfg = Release|x86
		{2DD7ABD0-41B5-4B26-8CBD-56E1C773BF76}.AppStore|x86.Build.0 = Release|x86
		{2DD7ABD0-41B5-4B26-8CBD-56E1C773BF76}.AppStore|x86.Deploy.0 = Release|x86
		{2DD7ABD0-41B5-4B26-8CBD-56E1C773BF76}.Debug|Any CPU.ActiveCfg = Debug|x86
		{2DD7ABD0-41B5-4B26-8CBD-56E1C773BF76}.Debug|Any CPU.Build.0 = Debug|x86
		{2DD7ABD0-41B5-4B26-8CBD-56E1C773BF76}.Debug|Any CPU.Deploy.0 = Debug|x86
		{2DD7ABD0-41B5-4B26-8CBD-56E1C773BF76}.Debug|ARM.ActiveCfg = Debug|ARM
		{2DD7ABD0-41B5-4B26-8CBD-56E1C773BF76}.Debug|ARM.Build.0 = Debug|ARM
		{2DD7ABD0-41B5-4B26-8CBD-56E1C773BF76}.Debug|ARM.Deploy.0 = Debug|ARM
		{2DD7ABD0-41B5-4B26-8CBD-56E1C773BF76}.Debug|iPhone.ActiveCfg = Debug|x86
		{2DD7ABD0-41B5-4B26-8CBD-56E1C773BF76}.Debug|iPhone.Build.0 = Debug|x86
		{2DD7ABD0-41B5-4B26-8CBD-56E1C773BF76}.Debug|iPhone.Deploy.0 = Debug|x86
		{2DD7ABD0-41B5-4B26-8CBD-56E1C773BF76}.Debug|iPhoneSimulator.ActiveCfg = Debug|x86
		{2DD7ABD0-41B5-4B26-8CBD-56E1C773BF76}.Debug|iPhoneSimulator.Build.0 = Debug|x86
		{2DD7ABD0-41B5-4B26-8CBD-56E1C773BF76}.Debug|iPhoneSimulator.Deploy.0 = Debug|x86
		{2DD7ABD0-41B5-4B26-8CBD-56E1C773BF76}.Debug|x64.ActiveCfg = Debug|x64
		{2DD7ABD0-41B5-4B26-8CBD-56E1C773BF76}.Debug|x64.Build.0 = Debug|x64
		{2DD7ABD0-41B5-4B26-8CBD-56E1C773BF76}.Debug|x64.Deploy.0 = Debug|x64
		{2DD7ABD0-41B5-4B26-8CBD-56E1C773BF76}.Debug|x86.ActiveCfg = Debug|x86
		{2DD7ABD0-41B5-4B26-8CBD-56E1C773BF76}.Debug|x86.Build.0 = Debug|x86
		{2DD7ABD0-41B5-4B26-8CBD-56E1C773BF76}.Debug|x86.Deploy.0 = Debug|x86
		{2DD7ABD0-41B5-4B26-8CBD-56E1C773BF76}.Release|Any CPU.ActiveCfg = Release|x86
		{2DD7ABD0-41B5-4B26-8CBD-56E1C773BF76}.Release|Any CPU.Build.0 = Release|x86
		{2DD7ABD0-41B5-4B26-8CBD-56E1C773BF76}.Release|Any CPU.Deploy.0 = Release|x86
		{2DD7ABD0-41B5-4B26-8CBD-56E1C773BF76}.Release|ARM.ActiveCfg = Release|ARM
		{2DD7ABD0-41B5-4B26-8CBD-56E1C773BF76}.Release|ARM.Build.0 = Release|ARM
		{2DD7ABD0-41B5-4B26-8CBD-56E1C773BF76}.Release|ARM.Deploy.0 = Release|ARM
		{2DD7ABD0-41B5-4B26-8CBD-56E1C773BF76}.Release|iPhone.ActiveCfg = Release|x86
		{2DD7ABD0-41B5-4B26-8CBD-56E1C773BF76}.Release|iPhone.Build.0 = Release|x86
		{2DD7ABD0-41B5-4B26-8CBD-56E1C773BF76}.Release|iPhone.Deploy.0 = Release|x86
		{2DD7ABD0-41B5-4B26-8CBD-56E1C773BF76}.Release|iPhoneSimulator.ActiveCfg = Release|x86
		{2DD7ABD0-41B5-4B26-8CBD-56E1C773BF76}.Release|iPhoneSimulator.Build.0 = Release|x86
		{2DD7ABD0-41B5-4B26-8CBD-56E1C773BF76}.Release|iPhoneSimulator.Deploy.0 = Release|x86
		{2DD7ABD0-41B5-4B26-8CBD-56E1C773BF76}.Release|x64.ActiveCfg = Release|x64
		{2DD7ABD0-41B5-4B26-8CBD-56E1C773BF76}.Release|x64.Build.0 = Release|x64
		{2DD7ABD0-41B5-4B26-8CBD-56E1C773BF76}.Release|x64.Deploy.0 = Release|x64
		{2DD7ABD0-41B5-4B26-8CBD-56E1C773BF76}.Release|x86.ActiveCfg = Release|x86
		{2DD7ABD0-41B5-4B26-8CBD-56E1C773BF76}.Release|x86.Build.0 = Release|x86
		{2DD7ABD0-41B5-4B26-8CBD-56E1C773BF76}.Release|x86.Deploy.0 = Release|x86
		{F73A2698-E79B-486C-9108-49A0326A2E20}.Ad-Hoc|Any CPU.ActiveCfg = Release|Any CPU
		{F73A2698-E79B-486C-9108-49A0326A2E20}.Ad-Hoc|Any CPU.Build.0 = Release|Any CPU
		{F73A2698-E79B-486C-9108-49A0326A2E20}.Ad-Hoc|ARM.ActiveCfg = Release|Any CPU
		{F73A2698-E79B-486C-9108-49A0326A2E20}.Ad-Hoc|ARM.Build.0 = Release|Any CPU
		{F73A2698-E79B-486C-9108-49A0326A2E20}.Ad-Hoc|iPhone.ActiveCfg = Release|Any CPU
		{F73A2698-E79B-486C-9108-49A0326A2E20}.Ad-Hoc|iPhone.Build.0 = Release|Any CPU
		{F73A2698-E79B-486C-9108-49A0326A2E20}.Ad-Hoc|iPhoneSimulator.ActiveCfg = Release|Any CPU
		{F73A2698-E79B-486C-9108-49A0326A2E20}.Ad-Hoc|iPhoneSimulator.Build.0 = Release|Any CPU
		{F73A2698-E79B-486C-9108-49A0326A2E20}.Ad-Hoc|x64.ActiveCfg = Release|Any CPU
		{F73A2698-E79B-486C-9108-49A0326A2E20}.Ad-Hoc|x64.Build.0 = Release|Any CPU
		{F73A2698-E79B-486C-9108-49A0326A2E20}.Ad-Hoc|x86.ActiveCfg = Release|Any CPU
		{F73A2698-E79B-486C-9108-49A0326A2E20}.Ad-Hoc|x86.Build.0 = Release|Any CPU
		{F73A2698-E79B-486C-9108-49A0326A2E20}.AppStore|Any CPU.ActiveCfg = Release|Any CPU
		{F73A2698-E79B-486C-9108-49A0326A2E20}.AppStore|Any CPU.Build.0 = Release|Any CPU
		{F73A2698-E79B-486C-9108-49A0326A2E20}.AppStore|ARM.ActiveCfg = Release|Any CPU
		{F73A2698-E79B-486C-9108-49A0326A2E20}.AppStore|ARM.Build.0 = Release|Any CPU
		{F73A2698-E79B-486C-9108-49A0326A2E20}.AppStore|iPhone.ActiveCfg = Release|Any CPU
		{F73A2698-E79B-486C-9108-49A0326A2E20}.AppStore|iPhone.Build.0 = Release|Any CPU
		{F73A2698-E79B-486C-9108-49A0326A2E20}.AppStore|iPhoneSimulator.ActiveCfg = Release|Any CPU
		{F73A2698-E79B-486C-9108-49A0326A2E20}.AppStore|iPhoneSimulator.Build.0 = Release|Any CPU
		{F73A2698-E79B-486C-9108-49A0326A2E20}.AppStore|x64.ActiveCfg = Release|Any CPU
		{F73A2698-E79B-486C-9108-49A0326A2E20}.AppStore|x64.Build.0 = Release|Any CPU
		{F73A2698-E79B-486C-9108-49A0326A2E20}.AppStore|x86.ActiveCfg = Release|Any CPU
		{F73A2698-E79B-486C-9108-49A0326A2E20}.AppStore|x86.Build.0 = Release|Any CPU
		{F73A2698-E79B-486C-9108-49A0326A2E20}.Debug|Any CPU.ActiveCfg = Debug|Any CPU
		{F73A2698-E79B-486C-9108-49A0326A2E20}.Debug|Any CPU.Build.0 = Debug|Any CPU
		{F73A2698-E79B-486C-9108-49A0326A2E20}.Debug|ARM.ActiveCfg = Debug|Any CPU
		{F73A2698-E79B-486C-9108-49A0326A2E20}.Debug|ARM.Build.0 = Debug|Any CPU
		{F73A2698-E79B-486C-9108-49A0326A2E20}.Debug|iPhone.ActiveCfg = Debug|Any CPU
		{F73A2698-E79B-486C-9108-49A0326A2E20}.Debug|iPhone.Build.0 = Debug|Any CPU
		{F73A2698-E79B-486C-9108-49A0326A2E20}.Debug|iPhoneSimulator.ActiveCfg = Debug|Any CPU
		{F73A2698-E79B-486C-9108-49A0326A2E20}.Debug|iPhoneSimulator.Build.0 = Debug|Any CPU
		{F73A2698-E79B-486C-9108-49A0326A2E20}.Debug|x64.ActiveCfg = Debug|Any CPU
		{F73A2698-E79B-486C-9108-49A0326A2E20}.Debug|x64.Build.0 = Debug|Any CPU
		{F73A2698-E79B-486C-9108-49A0326A2E20}.Debug|x86.ActiveCfg = Debug|Any CPU
		{F73A2698-E79B-486C-9108-49A0326A2E20}.Debug|x86.Build.0 = Debug|Any CPU
		{F73A2698-E79B-486C-9108-49A0326A2E20}.Release|Any CPU.ActiveCfg = Release|Any CPU
		{F73A2698-E79B-486C-9108-49A0326A2E20}.Release|Any CPU.Build.0 = Release|Any CPU
		{F73A2698-E79B-486C-9108-49A0326A2E20}.Release|ARM.ActiveCfg = Release|Any CPU
		{F73A2698-E79B-486C-9108-49A0326A2E20}.Release|ARM.Build.0 = Release|Any CPU
		{F73A2698-E79B-486C-9108-49A0326A2E20}.Release|iPhone.ActiveCfg = Release|Any CPU
		{F73A2698-E79B-486C-9108-49A0326A2E20}.Release|iPhone.Build.0 = Release|Any CPU
		{F73A2698-E79B-486C-9108-49A0326A2E20}.Release|iPhoneSimulator.ActiveCfg = Release|Any CPU
		{F73A2698-E79B-486C-9108-49A0326A2E20}.Release|iPhoneSimulator.Build.0 = Release|Any CPU
		{F73A2698-E79B-486C-9108-49A0326A2E20}.Release|x64.ActiveCfg = Release|Any CPU
		{F73A2698-E79B-486C-9108-49A0326A2E20}.Release|x64.Build.0 = Release|Any CPU
		{F73A2698-E79B-486C-9108-49A0326A2E20}.Release|x86.ActiveCfg = Release|Any CPU
		{F73A2698-E79B-486C-9108-49A0326A2E20}.Release|x86.Build.0 = Release|Any CPU
		{FAC77776-8595-40DD-B7BC-1F8D6B7E7A9C}.Ad-Hoc|Any CPU.ActiveCfg = Release|Any CPU
		{FAC77776-8595-40DD-B7BC-1F8D6B7E7A9C}.Ad-Hoc|Any CPU.Build.0 = Release|Any CPU
		{FAC77776-8595-40DD-B7BC-1F8D6B7E7A9C}.Ad-Hoc|ARM.ActiveCfg = Release|Any CPU
		{FAC77776-8595-40DD-B7BC-1F8D6B7E7A9C}.Ad-Hoc|ARM.Build.0 = Release|Any CPU
		{FAC77776-8595-40DD-B7BC-1F8D6B7E7A9C}.Ad-Hoc|iPhone.ActiveCfg = Release|Any CPU
		{FAC77776-8595-40DD-B7BC-1F8D6B7E7A9C}.Ad-Hoc|iPhone.Build.0 = Release|Any CPU
		{FAC77776-8595-40DD-B7BC-1F8D6B7E7A9C}.Ad-Hoc|iPhoneSimulator.ActiveCfg = Release|Any CPU
		{FAC77776-8595-40DD-B7BC-1F8D6B7E7A9C}.Ad-Hoc|iPhoneSimulator.Build.0 = Release|Any CPU
		{FAC77776-8595-40DD-B7BC-1F8D6B7E7A9C}.Ad-Hoc|x64.ActiveCfg = Release|Any CPU
		{FAC77776-8595-40DD-B7BC-1F8D6B7E7A9C}.Ad-Hoc|x64.Build.0 = Release|Any CPU
		{FAC77776-8595-40DD-B7BC-1F8D6B7E7A9C}.Ad-Hoc|x86.ActiveCfg = Release|Any CPU
		{FAC77776-8595-40DD-B7BC-1F8D6B7E7A9C}.Ad-Hoc|x86.Build.0 = Release|Any CPU
		{FAC77776-8595-40DD-B7BC-1F8D6B7E7A9C}.AppStore|Any CPU.ActiveCfg = Release|Any CPU
		{FAC77776-8595-40DD-B7BC-1F8D6B7E7A9C}.AppStore|Any CPU.Build.0 = Release|Any CPU
		{FAC77776-8595-40DD-B7BC-1F8D6B7E7A9C}.AppStore|ARM.ActiveCfg = Release|Any CPU
		{FAC77776-8595-40DD-B7BC-1F8D6B7E7A9C}.AppStore|ARM.Build.0 = Release|Any CPU
		{FAC77776-8595-40DD-B7BC-1F8D6B7E7A9C}.AppStore|iPhone.ActiveCfg = Release|Any CPU
		{FAC77776-8595-40DD-B7BC-1F8D6B7E7A9C}.AppStore|iPhone.Build.0 = Release|Any CPU
		{FAC77776-8595-40DD-B7BC-1F8D6B7E7A9C}.AppStore|iPhoneSimulator.ActiveCfg = Release|Any CPU
		{FAC77776-8595-40DD-B7BC-1F8D6B7E7A9C}.AppStore|iPhoneSimulator.Build.0 = Release|Any CPU
		{FAC77776-8595-40DD-B7BC-1F8D6B7E7A9C}.AppStore|x64.ActiveCfg = Release|Any CPU
		{FAC77776-8595-40DD-B7BC-1F8D6B7E7A9C}.AppStore|x64.Build.0 = Release|Any CPU
		{FAC77776-8595-40DD-B7BC-1F8D6B7E7A9C}.AppStore|x86.ActiveCfg = Release|Any CPU
		{FAC77776-8595-40DD-B7BC-1F8D6B7E7A9C}.AppStore|x86.Build.0 = Release|Any CPU
		{FAC77776-8595-40DD-B7BC-1F8D6B7E7A9C}.Debug|Any CPU.ActiveCfg = Debug|Any CPU
		{FAC77776-8595-40DD-B7BC-1F8D6B7E7A9C}.Debug|Any CPU.Build.0 = Debug|Any CPU
		{FAC77776-8595-40DD-B7BC-1F8D6B7E7A9C}.Debug|ARM.ActiveCfg = Debug|Any CPU
		{FAC77776-8595-40DD-B7BC-1F8D6B7E7A9C}.Debug|ARM.Build.0 = Debug|Any CPU
		{FAC77776-8595-40DD-B7BC-1F8D6B7E7A9C}.Debug|iPhone.ActiveCfg = Debug|Any CPU
		{FAC77776-8595-40DD-B7BC-1F8D6B7E7A9C}.Debug|iPhone.Build.0 = Debug|Any CPU
		{FAC77776-8595-40DD-B7BC-1F8D6B7E7A9C}.Debug|iPhoneSimulator.ActiveCfg = Debug|Any CPU
		{FAC77776-8595-40DD-B7BC-1F8D6B7E7A9C}.Debug|iPhoneSimulator.Build.0 = Debug|Any CPU
		{FAC77776-8595-40DD-B7BC-1F8D6B7E7A9C}.Debug|x64.ActiveCfg = Debug|Any CPU
		{FAC77776-8595-40DD-B7BC-1F8D6B7E7A9C}.Debug|x64.Build.0 = Debug|Any CPU
		{FAC77776-8595-40DD-B7BC-1F8D6B7E7A9C}.Debug|x86.ActiveCfg = Debug|Any CPU
		{FAC77776-8595-40DD-B7BC-1F8D6B7E7A9C}.Debug|x86.Build.0 = Debug|Any CPU
		{FAC77776-8595-40DD-B7BC-1F8D6B7E7A9C}.Release|Any CPU.ActiveCfg = Release|Any CPU
		{FAC77776-8595-40DD-B7BC-1F8D6B7E7A9C}.Release|Any CPU.Build.0 = Release|Any CPU
		{FAC77776-8595-40DD-B7BC-1F8D6B7E7A9C}.Release|ARM.ActiveCfg = Release|Any CPU
		{FAC77776-8595-40DD-B7BC-1F8D6B7E7A9C}.Release|ARM.Build.0 = Release|Any CPU
		{FAC77776-8595-40DD-B7BC-1F8D6B7E7A9C}.Release|iPhone.ActiveCfg = Release|Any CPU
		{FAC77776-8595-40DD-B7BC-1F8D6B7E7A9C}.Release|iPhone.Build.0 = Release|Any CPU
		{FAC77776-8595-40DD-B7BC-1F8D6B7E7A9C}.Release|iPhoneSimulator.ActiveCfg = Release|Any CPU
		{FAC77776-8595-40DD-B7BC-1F8D6B7E7A9C}.Release|iPhoneSimulator.Build.0 = Release|Any CPU
		{FAC77776-8595-40DD-B7BC-1F8D6B7E7A9C}.Release|x64.ActiveCfg = Release|Any CPU
		{FAC77776-8595-40DD-B7BC-1F8D6B7E7A9C}.Release|x64.Build.0 = Release|Any CPU
		{FAC77776-8595-40DD-B7BC-1F8D6B7E7A9C}.Release|x86.ActiveCfg = Release|Any CPU
		{FAC77776-8595-40DD-B7BC-1F8D6B7E7A9C}.Release|x86.Build.0 = Release|Any CPU
		{7C957D26-7846-42E4-8F63-4371915B81D7}.Ad-Hoc|Any CPU.ActiveCfg = Release|Any CPU
		{7C957D26-7846-42E4-8F63-4371915B81D7}.Ad-Hoc|Any CPU.Build.0 = Release|Any CPU
		{7C957D26-7846-42E4-8F63-4371915B81D7}.Ad-Hoc|ARM.ActiveCfg = Release|Any CPU
		{7C957D26-7846-42E4-8F63-4371915B81D7}.Ad-Hoc|ARM.Build.0 = Release|Any CPU
		{7C957D26-7846-42E4-8F63-4371915B81D7}.Ad-Hoc|iPhone.ActiveCfg = Release|Any CPU
		{7C957D26-7846-42E4-8F63-4371915B81D7}.Ad-Hoc|iPhone.Build.0 = Release|Any CPU
		{7C957D26-7846-42E4-8F63-4371915B81D7}.Ad-Hoc|iPhoneSimulator.ActiveCfg = Release|Any CPU
		{7C957D26-7846-42E4-8F63-4371915B81D7}.Ad-Hoc|iPhoneSimulator.Build.0 = Release|Any CPU
		{7C957D26-7846-42E4-8F63-4371915B81D7}.Ad-Hoc|x64.ActiveCfg = Release|Any CPU
		{7C957D26-7846-42E4-8F63-4371915B81D7}.Ad-Hoc|x64.Build.0 = Release|Any CPU
		{7C957D26-7846-42E4-8F63-4371915B81D7}.Ad-Hoc|x86.ActiveCfg = Release|Any CPU
		{7C957D26-7846-42E4-8F63-4371915B81D7}.Ad-Hoc|x86.Build.0 = Release|Any CPU
		{7C957D26-7846-42E4-8F63-4371915B81D7}.AppStore|Any CPU.ActiveCfg = Release|Any CPU
		{7C957D26-7846-42E4-8F63-4371915B81D7}.AppStore|Any CPU.Build.0 = Release|Any CPU
		{7C957D26-7846-42E4-8F63-4371915B81D7}.AppStore|ARM.ActiveCfg = Release|Any CPU
		{7C957D26-7846-42E4-8F63-4371915B81D7}.AppStore|ARM.Build.0 = Release|Any CPU
		{7C957D26-7846-42E4-8F63-4371915B81D7}.AppStore|iPhone.ActiveCfg = Release|Any CPU
		{7C957D26-7846-42E4-8F63-4371915B81D7}.AppStore|iPhone.Build.0 = Release|Any CPU
		{7C957D26-7846-42E4-8F63-4371915B81D7}.AppStore|iPhoneSimulator.ActiveCfg = Release|Any CPU
		{7C957D26-7846-42E4-8F63-4371915B81D7}.AppStore|iPhoneSimulator.Build.0 = Release|Any CPU
		{7C957D26-7846-42E4-8F63-4371915B81D7}.AppStore|x64.ActiveCfg = Release|Any CPU
		{7C957D26-7846-42E4-8F63-4371915B81D7}.AppStore|x64.Build.0 = Release|Any CPU
		{7C957D26-7846-42E4-8F63-4371915B81D7}.AppStore|x86.ActiveCfg = Release|Any CPU
		{7C957D26-7846-42E4-8F63-4371915B81D7}.AppStore|x86.Build.0 = Release|Any CPU
		{7C957D26-7846-42E4-8F63-4371915B81D7}.Debug|Any CPU.ActiveCfg = Debug|Any CPU
		{7C957D26-7846-42E4-8F63-4371915B81D7}.Debug|Any CPU.Build.0 = Debug|Any CPU
		{7C957D26-7846-42E4-8F63-4371915B81D7}.Debug|ARM.ActiveCfg = Debug|Any CPU
		{7C957D26-7846-42E4-8F63-4371915B81D7}.Debug|ARM.Build.0 = Debug|Any CPU
		{7C957D26-7846-42E4-8F63-4371915B81D7}.Debug|iPhone.ActiveCfg = Debug|Any CPU
		{7C957D26-7846-42E4-8F63-4371915B81D7}.Debug|iPhone.Build.0 = Debug|Any CPU
		{7C957D26-7846-42E4-8F63-4371915B81D7}.Debug|iPhoneSimulator.ActiveCfg = Debug|Any CPU
		{7C957D26-7846-42E4-8F63-4371915B81D7}.Debug|iPhoneSimulator.Build.0 = Debug|Any CPU
		{7C957D26-7846-42E4-8F63-4371915B81D7}.Debug|x64.ActiveCfg = Debug|Any CPU
		{7C957D26-7846-42E4-8F63-4371915B81D7}.Debug|x64.Build.0 = Debug|Any CPU
		{7C957D26-7846-42E4-8F63-4371915B81D7}.Debug|x86.ActiveCfg = Debug|Any CPU
		{7C957D26-7846-42E4-8F63-4371915B81D7}.Debug|x86.Build.0 = Debug|Any CPU
		{7C957D26-7846-42E4-8F63-4371915B81D7}.Release|Any CPU.ActiveCfg = Release|Any CPU
		{7C957D26-7846-42E4-8F63-4371915B81D7}.Release|Any CPU.Build.0 = Release|Any CPU
		{7C957D26-7846-42E4-8F63-4371915B81D7}.Release|ARM.ActiveCfg = Release|Any CPU
		{7C957D26-7846-42E4-8F63-4371915B81D7}.Release|ARM.Build.0 = Release|Any CPU
		{7C957D26-7846-42E4-8F63-4371915B81D7}.Release|iPhone.ActiveCfg = Release|Any CPU
		{7C957D26-7846-42E4-8F63-4371915B81D7}.Release|iPhone.Build.0 = Release|Any CPU
		{7C957D26-7846-42E4-8F63-4371915B81D7}.Release|iPhoneSimulator.ActiveCfg = Release|Any CPU
		{7C957D26-7846-42E4-8F63-4371915B81D7}.Release|iPhoneSimulator.Build.0 = Release|Any CPU
		{7C957D26-7846-42E4-8F63-4371915B81D7}.Release|x64.ActiveCfg = Release|Any CPU
		{7C957D26-7846-42E4-8F63-4371915B81D7}.Release|x64.Build.0 = Release|Any CPU
		{7C957D26-7846-42E4-8F63-4371915B81D7}.Release|x86.ActiveCfg = Release|Any CPU
		{7C957D26-7846-42E4-8F63-4371915B81D7}.Release|x86.Build.0 = Release|Any CPU
		{F3153689-3C62-4C0C-983B-713FE2C42802}.Ad-Hoc|Any CPU.ActiveCfg = Release|Any CPU
		{F3153689-3C62-4C0C-983B-713FE2C42802}.Ad-Hoc|Any CPU.Build.0 = Release|Any CPU
		{F3153689-3C62-4C0C-983B-713FE2C42802}.Ad-Hoc|ARM.ActiveCfg = Release|Any CPU
		{F3153689-3C62-4C0C-983B-713FE2C42802}.Ad-Hoc|ARM.Build.0 = Release|Any CPU
		{F3153689-3C62-4C0C-983B-713FE2C42802}.Ad-Hoc|iPhone.ActiveCfg = Release|Any CPU
		{F3153689-3C62-4C0C-983B-713FE2C42802}.Ad-Hoc|iPhone.Build.0 = Release|Any CPU
		{F3153689-3C62-4C0C-983B-713FE2C42802}.Ad-Hoc|iPhoneSimulator.ActiveCfg = Release|Any CPU
		{F3153689-3C62-4C0C-983B-713FE2C42802}.Ad-Hoc|iPhoneSimulator.Build.0 = Release|Any CPU
		{F3153689-3C62-4C0C-983B-713FE2C42802}.Ad-Hoc|x64.ActiveCfg = Release|Any CPU
		{F3153689-3C62-4C0C-983B-713FE2C42802}.Ad-Hoc|x64.Build.0 = Release|Any CPU
		{F3153689-3C62-4C0C-983B-713FE2C42802}.Ad-Hoc|x86.ActiveCfg = Release|Any CPU
		{F3153689-3C62-4C0C-983B-713FE2C42802}.Ad-Hoc|x86.Build.0 = Release|Any CPU
		{F3153689-3C62-4C0C-983B-713FE2C42802}.AppStore|Any CPU.ActiveCfg = Release|Any CPU
		{F3153689-3C62-4C0C-983B-713FE2C42802}.AppStore|Any CPU.Build.0 = Release|Any CPU
		{F3153689-3C62-4C0C-983B-713FE2C42802}.AppStore|ARM.ActiveCfg = Release|Any CPU
		{F3153689-3C62-4C0C-983B-713FE2C42802}.AppStore|ARM.Build.0 = Release|Any CPU
		{F3153689-3C62-4C0C-983B-713FE2C42802}.AppStore|iPhone.ActiveCfg = Release|Any CPU
		{F3153689-3C62-4C0C-983B-713FE2C42802}.AppStore|iPhone.Build.0 = Release|Any CPU
		{F3153689-3C62-4C0C-983B-713FE2C42802}.AppStore|iPhoneSimulator.ActiveCfg = Release|Any CPU
		{F3153689-3C62-4C0C-983B-713FE2C42802}.AppStore|iPhoneSimulator.Build.0 = Release|Any CPU
		{F3153689-3C62-4C0C-983B-713FE2C42802}.AppStore|x64.ActiveCfg = Release|Any CPU
		{F3153689-3C62-4C0C-983B-713FE2C42802}.AppStore|x64.Build.0 = Release|Any CPU
		{F3153689-3C62-4C0C-983B-713FE2C42802}.AppStore|x86.ActiveCfg = Release|Any CPU
		{F3153689-3C62-4C0C-983B-713FE2C42802}.AppStore|x86.Build.0 = Release|Any CPU
		{F3153689-3C62-4C0C-983B-713FE2C42802}.Debug|Any CPU.ActiveCfg = Debug|Any CPU
		{F3153689-3C62-4C0C-983B-713FE2C42802}.Debug|Any CPU.Build.0 = Debug|Any CPU
		{F3153689-3C62-4C0C-983B-713FE2C42802}.Debug|ARM.ActiveCfg = Debug|Any CPU
		{F3153689-3C62-4C0C-983B-713FE2C42802}.Debug|ARM.Build.0 = Debug|Any CPU
		{F3153689-3C62-4C0C-983B-713FE2C42802}.Debug|iPhone.ActiveCfg = Debug|Any CPU
		{F3153689-3C62-4C0C-983B-713FE2C42802}.Debug|iPhone.Build.0 = Debug|Any CPU
		{F3153689-3C62-4C0C-983B-713FE2C42802}.Debug|iPhoneSimulator.ActiveCfg = Debug|Any CPU
		{F3153689-3C62-4C0C-983B-713FE2C42802}.Debug|iPhoneSimulator.Build.0 = Debug|Any CPU
		{F3153689-3C62-4C0C-983B-713FE2C42802}.Debug|x64.ActiveCfg = Debug|Any CPU
		{F3153689-3C62-4C0C-983B-713FE2C42802}.Debug|x64.Build.0 = Debug|Any CPU
		{F3153689-3C62-4C0C-983B-713FE2C42802}.Debug|x86.ActiveCfg = Debug|Any CPU
		{F3153689-3C62-4C0C-983B-713FE2C42802}.Debug|x86.Build.0 = Debug|Any CPU
		{F3153689-3C62-4C0C-983B-713FE2C42802}.Release|Any CPU.ActiveCfg = Release|Any CPU
		{F3153689-3C62-4C0C-983B-713FE2C42802}.Release|Any CPU.Build.0 = Release|Any CPU
		{F3153689-3C62-4C0C-983B-713FE2C42802}.Release|ARM.ActiveCfg = Release|Any CPU
		{F3153689-3C62-4C0C-983B-713FE2C42802}.Release|ARM.Build.0 = Release|Any CPU
		{F3153689-3C62-4C0C-983B-713FE2C42802}.Release|iPhone.ActiveCfg = Release|Any CPU
		{F3153689-3C62-4C0C-983B-713FE2C42802}.Release|iPhone.Build.0 = Release|Any CPU
		{F3153689-3C62-4C0C-983B-713FE2C42802}.Release|iPhoneSimulator.ActiveCfg = Release|Any CPU
		{F3153689-3C62-4C0C-983B-713FE2C42802}.Release|iPhoneSimulator.Build.0 = Release|Any CPU
		{F3153689-3C62-4C0C-983B-713FE2C42802}.Release|x64.ActiveCfg = Release|Any CPU
		{F3153689-3C62-4C0C-983B-713FE2C42802}.Release|x64.Build.0 = Release|Any CPU
		{F3153689-3C62-4C0C-983B-713FE2C42802}.Release|x86.ActiveCfg = Release|Any CPU
		{F3153689-3C62-4C0C-983B-713FE2C42802}.Release|x86.Build.0 = Release|Any CPU
	EndGlobalSection
	GlobalSection(SolutionProperties) = preSolution
		HideSolutionNode = FALSE
	EndGlobalSection
	GlobalSection(ExtensibilityGlobals) = postSolution
		SolutionGuid = {7C6E9EE4-B805-41AB-A7EE-24AC7A522389}
	EndGlobalSection
EndGlobal
